{
  "requires": true,
  "lockfileVersion": 1,
  "dependencies": {
    "dayjs": {
      "version": "1.9.8",
      "resolved": "https://registry.npm.taobao.org/dayjs/download/dayjs-1.9.8.tgz?cache=0&sync_timestamp=1609038973247&other_urls=https%3A%2F%2Fregistry.npm.taobao.org%2Fdayjs%2Fdownload%2Fdayjs-1.9.8.tgz",
      "integrity": "sha1-mmX73KA349WDX5hnLabnlvdXzVg="
    }
  }
}
